
Microsoft Visual Studio Solution File, Format Version 12.00
# Visual Studio Version 16
VisualStudioVersion = 16.0.29424.173
MinimumVisualStudioVersion = 10.0.40219.1
Project("{FAE04EC0-301F-11D3-BF4B-00C04F79EFBC}") = "WebAPI", "WebAPI\WebAPI.csproj", "{D433A7EE-4A53-40A6-866F-5DA6F191576C}"
EndProject
Project("{FAE04EC0-301F-11D3-BF4B-00C04F79EFBC}") = "NUnitTestProject1", "NUnitTestProject1\NUnitTestProject1.csproj", "{D0C0B52C-CCCA-4CD8-A220-217D88581C1A}"
EndProject
Global
	GlobalSection(SolutionConfigurationPlatforms) = preSolution
		Debug|Any CPU = Debug|Any CPU
		Release|Any CPU = Release|Any CPU
	EndGlobalSection
	GlobalSection(ProjectConfigurationPlatforms) = postSolution
		{D433A7EE-4A53-40A6-866F-5DA6F191576C}.Debug|Any CPU.ActiveCfg = Debug|Any CPU
		{D433A7EE-4A53-40A6-866F-5DA6F191576C}.Debug|Any CPU.Build.0 = Debug|Any CPU
		{D433A7EE-4A53-40A6-866F-5DA6F191576C}.Release|Any CPU.ActiveCfg = Release|Any CPU
		{D433A7EE-4A53-40A6-866F-5DA6F191576C}.Release|Any CPU.Build.0 = Release|Any CPU
		{D0C0B52C-CCCA-4CD8-A220-217D88581C1A}.Debug|Any CPU.ActiveCfg = Debug|Any CPU
		{D0C0B52C-CCCA-4CD8-A220-217D88581C1A}.Debug|Any CPU.Build.0 = Debug|Any CPU
		{D0C0B52C-CCCA-4CD8-A220-217D88581C1A}.Release|Any CPU.ActiveCfg = Release|Any CPU
		{D0C0B52C-CCCA-4CD8-A220-217D88581C1A}.Release|Any CPU.Build.0 = Release|Any CPU
	EndGlobalSection
	GlobalSection(SolutionProperties) = preSolution
		HideSolutionNode = FALSE
	EndGlobalSection
	GlobalSection(ExtensibilityGlobals) = postSolution
		SolutionGuid = {CDD185C7-CDB7-4171-BFA2-9870CA832680}
	EndGlobalSection
EndGlobal
